PODS:
  - CocoaLumberjack (2.3.0):
    - CocoaLumberjack/Default (= 2.3.0)
    - CocoaLumberjack/Extensions (= 2.3.0)
  - CocoaLumberjack/Core (2.3.0)
  - CocoaLumberjack/Default (2.3.0):
    - CocoaLumberjack/Core
  - CocoaLumberjack/Extensions (2.3.0):
    - CocoaLumberjack/Default
  - ColorUtils (1.1.3)
  - iOS-Color-Picker (1.1.4)
  - mopub-ios-sdk (4.10.1):
    - mopub-ios-sdk/MoPubSDK (= 4.10.1)
  - mopub-ios-sdk/MoPubSDK (4.10.1)
  - OHHTTPStubs (4.8.0):
    - OHHTTPStubs/Default (= 4.8.0)
  - OHHTTPStubs/Core (4.8.0)
  - OHHTTPStubs/Default (4.8.0):
    - OHHTTPStubs/Core
    - OHHTTPStubs/JSON
    - OHHTTPStubs/NSURLSession
    - OHHTTPStubs/OHPathHelpers
  - OHHTTPStubs/JSON (4.8.0):
    - OHHTTPStubs/Core
  - OHHTTPStubs/NSURLSession (4.8.0):
    - OHHTTPStubs/Core
  - OHHTTPStubs/OHPathHelpers (4.8.0)
  - RFMAdSDK (6.0.0)
  - RFMSDKAdapter-iOS-MoPub (3.0.0):
    - mopub-ios-sdk
    - RFMAdSDK
  - SVProgressHUD (1.1.3)

DEPENDENCIES:
  - CocoaLumberjack (~> 2.3.0)
  - ColorUtils (~> 1.1)
  - iOS-Color-Picker (~> 1.1)
  - mopub-ios-sdk
  - OHHTTPStubs (~> 4.8.0)
  - RFMAdSDK (~> 6.0.0)
  - RFMSDKAdapter-iOS-MoPub (~> 3.0.0)
  - SVProgressHUD (~> 1.1)

SPEC CHECKSUMS:
  CocoaLumberjack: 97fab7ee5f507fe54445cca7ea80f926729cfd15
  ColorUtils: f99c501f9caf5374b35480a281168565a24bdb6d
  iOS-Color-Picker: 0eebf395527785e1ff2180c35b69f6d369051555
  mopub-ios-sdk: 54b3b9cb41118202eb69653b0ac1d011c9e2bce1
  OHHTTPStubs: b393565822317305b87a1440d4c7aff131679f66
  RFMAdSDK: 1c7572c188c46a335332d27046c7377c0d54e6f4
  RFMSDKAdapter-iOS-MoPub: fa27ee827e90536751b44b1fe3466dd14638af87
  SVProgressHUD: 748080e4f36e603f6c02aec292664239df5279c1

PODFILE CHECKSUM: 31b9c8a4b847153d1d85071a2c76b5c8e86aa1ab

COCOAPODS: 1.0.0
