PODS:
  - CocoaLumberjack (2.3.0):
    - CocoaLumberjack/Default (= 2.3.0)
    - CocoaLumberjack/Extensions (= 2.3.0)
  - CocoaLumberjack/Core (2.3.0)
  - CocoaLumberjack/Default (2.3.0):
    - CocoaLumberjack/Core
  - CocoaLumberjack/Extensions (2.3.0):
    - CocoaLumberjack/Default
  - ColorUtils (1.1.3)
  - iOS-Color-Picker (1.1.4)
  - mopub-ios-sdk (4.6.0):
    - mopub-ios-sdk/MoPubSDK (= 4.6.0)
  - mopub-ios-sdk/MoPubSDK (4.6.0)
  - RFMAdSDK (4.2.0)
  - RFMSDKAdapter-iOS-MoPub (2.0.0):
    - mopub-ios-sdk
    - RFMAdSDK
  - SVProgressHUD (1.1.3)

DEPENDENCIES:
  - CocoaLumberjack
  - ColorUtils (~> 1.1)
  - iOS-Color-Picker (~> 1.1)
  - mopub-ios-sdk
  - RFMSDKAdapter-iOS-MoPub (~> 2.0.0)
  - SVProgressHUD (~> 1.1)

SPEC CHECKSUMS:
  CocoaLumberjack: 97fab7ee5f507fe54445cca7ea80f926729cfd15
  ColorUtils: f99c501f9caf5374b35480a281168565a24bdb6d
  iOS-Color-Picker: 0eebf395527785e1ff2180c35b69f6d369051555
  mopub-ios-sdk: 5e7193f1a0f9bfe6513816416117d9c28d8dcf19
  RFMAdSDK: c5aa1e4345a41f9e861d7ee0b0728ab7b77da35e
  RFMSDKAdapter-iOS-MoPub: d645adb6679cf034c8c986740971c7d4b24df666
  SVProgressHUD: 748080e4f36e603f6c02aec292664239df5279c1

PODFILE CHECKSUM: a52702d3870f5efe4941dea604a4d63201d06ebd

COCOAPODS: 1.0.0
